
Microsoft Visual Studio Solution File, Format Version 12.00
# Visual Studio 15
VisualStudioVersion = 15.0.27130.2027
MinimumVisualStudioVersion = 10.0.40219.1
Project("{FAE04EC0-301F-11D3-BF4B-00C04F79EFBC}") = "WEEK", "WEEK\WEEK.csproj", "{D2AEDFE0-6001-452C-975F-8F6AAA29CDFF}"
EndProject
Global
	GlobalSection(SolutionConfigurationPlatforms) = preSolution
		Debug|Any CPU = Debug|Any CPU
		Release|Any CPU = Release|Any CPU
	EndGlobalSection
	GlobalSection(ProjectConfigurationPlatforms) = postSolution
		{D2AEDFE0-6001-452C-975F-8F6AAA29CDFF}.Debug|Any CPU.ActiveCfg = Debug|Any CPU
		{D2AEDFE0-6001-452C-975F-8F6AAA29CDFF}.Debug|Any CPU.Build.0 = Debug|Any CPU
		{D2AEDFE0-6001-452C-975F-8F6AAA29CDFF}.Release|Any CPU.ActiveCfg = Release|Any CPU
		{D2AEDFE0-6001-452C-975F-8F6AAA29CDFF}.Release|Any CPU.Build.0 = Release|Any CPU
	EndGlobalSection
	GlobalSection(SolutionProperties) = preSolution
		HideSolutionNode = FALSE
	EndGlobalSection
	GlobalSection(ExtensibilityGlobals) = postSolution
		SolutionGuid = {9F3B14CD-1F4D-4624-B725-E44883060342}
	EndGlobalSection
EndGlobal
